
Microsoft Visual Studio Solution File, Format Version 12.00
# Visual Studio Version 17
VisualStudioVersion = 17.4.33205.214
MinimumVisualStudioVersion = 10.0.40219.1
Project("{9A19103F-16F7-4668-BE54-9A1E7A4F7556}") = "Resizer", "Resizer\Resizer.csproj", "{B91BF5ED-EF0D-49EF-8157-A73F32B8BDD7}"
EndProject
Global
	GlobalSection(SolutionConfigurationPlatforms) = preSolution
		Debug|Any CPU = Debug|Any CPU
		Release|Any CPU = Release|Any CPU
	EndGlobalSection
	GlobalSection(ProjectConfigurationPlatforms) = postSolution
		{B91BF5ED-EF0D-49EF-8157-A73F32B8BDD7}.Debug|Any CPU.ActiveCfg = Debug|Any CPU
		{B91BF5ED-EF0D-49EF-8157-A73F32B8BDD7}.Debug|Any CPU.Build.0 = Debug|Any CPU
		{B91BF5ED-EF0D-49EF-8157-A73F32B8BDD7}.Release|Any CPU.ActiveCfg = Release|Any CPU
		{B91BF5ED-EF0D-49EF-8157-A73F32B8BDD7}.Release|Any CPU.Build.0 = Release|Any CPU
	EndGlobalSection
	GlobalSection(SolutionProperties) = preSolution
		HideSolutionNode = FALSE
	EndGlobalSection
	GlobalSection(ExtensibilityGlobals) = postSolution
		SolutionGuid = {4C6D3EA1-88AE-4DB4-9DC9-97E822F787F1}
	EndGlobalSection
EndGlobal
